{
  "lockfileVersion": 1,
  "configVersion": 1,
  "workspaces": {
    "": {
      "devDependencies": {
        "bun2nix": "^2.0.8",
      },
    },
  },
  "packages": {
    "bun2nix": ["bun2nix@2.0.8", "", { "dependencies": { "sade": "^1.8.1" }, "bin": { "bun2nix": "index.ts" } }, "sha512-pwq35hA81X1Kjsi5Xo69Aii9aY3zZHhWXwqF1QRz/uB35KzKbwJZ16WrhadiG9/T6bjOsRrPZtzuAyqmlXopLw=="],

    "mri": ["mri@1.2.0", "", {}, "sha512-tzzskb3bG8LvYGFF/mDTpq3jpI6Q9wc3LEmBaghu+DdCssd1FakN7Bc0hVNmEyGq1bq3RgfkCb3cmQLpNPOroA=="],

    "sade": ["sade@1.8.1", "", { "dependencies": { "mri": "^1.1.0" } }, "sha512-xal3CZX1Xlo/k4ApwCFrHVACi9fBqJ7V+mwhBsuf/1IOKbBy098Fex+Wa/5QMubw09pSZ/u8EY8PWgevJsXp1A=="],
  }
}
